
Microsoft Visual Studio Solution File, Format Version 12.00
# Visual Studio Version 17
VisualStudioVersion = 17.12.35527.113
MinimumVisualStudioVersion = 10.0.40219.1
Project("{2150E333-8FDC-42A3-9474-1A3956D46DE8}") = "Services", "Services", "{2DF9B592-80FB-4058-B4F5-F8D31B44A958}"
EndProject
Project("{2150E333-8FDC-42A3-9474-1A3956D46DE8}") = "Catalog", "Catalog", "{6FE5DDF9-EF5A-4175-821F-469F3527DE68}"
EndProject
Project("{FAE04EC0-301F-11D3-BF4B-00C04F79EFBC}") = "Catalog.API", "Services\Catalog\Catalog.API\Catalog.API.csproj", "{96B963DE-CB9A-499E-80AD-99E47BD770A1}"
EndProject
Project("{2150E333-8FDC-42A3-9474-1A3956D46DE8}") = "BuildingBlocks", "BuildingBlocks", "{C5C8EFF5-C1B5-4F56-8632-73FAAE1AEC42}"
EndProject
Project("{FAE04EC0-301F-11D3-BF4B-00C04F79EFBC}") = "BuildingBlocks", "BuildingBlocks\BuildingBlocks\BuildingBlocks.csproj", "{7C689807-548D-42E8-A071-52E3C733EB78}"
EndProject
Project("{E53339B2-1760-4266-BCC7-CA923CBCF16C}") = "docker-compose", "docker-compose.dcproj", "{AAEB40D5-C20A-44CC-839A-1C6B94EFBCE3}"
EndProject
Global
	GlobalSection(SolutionConfigurationPlatforms) = preSolution
		Debug|Any CPU = Debug|Any CPU
		Release|Any CPU = Release|Any CPU
	EndGlobalSection
	GlobalSection(ProjectConfigurationPlatforms) = postSolution
		{96B963DE-CB9A-499E-80AD-99E47BD770A1}.Debug|Any CPU.ActiveCfg = Debug|Any CPU
		{96B963DE-CB9A-499E-80AD-99E47BD770A1}.Debug|Any CPU.Build.0 = Debug|Any CPU
		{96B963DE-CB9A-499E-80AD-99E47BD770A1}.Release|Any CPU.ActiveCfg = Release|Any CPU
		{96B963DE-CB9A-499E-80AD-99E47BD770A1}.Release|Any CPU.Build.0 = Release|Any CPU
		{7C689807-548D-42E8-A071-52E3C733EB78}.Debug|Any CPU.ActiveCfg = Debug|Any CPU
		{7C689807-548D-42E8-A071-52E3C733EB78}.Debug|Any CPU.Build.0 = Debug|Any CPU
		{7C689807-548D-42E8-A071-52E3C733EB78}.Release|Any CPU.ActiveCfg = Release|Any CPU
		{7C689807-548D-42E8-A071-52E3C733EB78}.Release|Any CPU.Build.0 = Release|Any CPU
		{AAEB40D5-C20A-44CC-839A-1C6B94EFBCE3}.Debug|Any CPU.ActiveCfg = Debug|Any CPU
		{AAEB40D5-C20A-44CC-839A-1C6B94EFBCE3}.Debug|Any CPU.Build.0 = Debug|Any CPU
		{AAEB40D5-C20A-44CC-839A-1C6B94EFBCE3}.Release|Any CPU.ActiveCfg = Release|Any CPU
		{AAEB40D5-C20A-44CC-839A-1C6B94EFBCE3}.Release|Any CPU.Build.0 = Release|Any CPU
	EndGlobalSection
	GlobalSection(SolutionProperties) = preSolution
		HideSolutionNode = FALSE
	EndGlobalSection
	GlobalSection(NestedProjects) = preSolution
		{6FE5DDF9-EF5A-4175-821F-469F3527DE68} = {2DF9B592-80FB-4058-B4F5-F8D31B44A958}
		{96B963DE-CB9A-499E-80AD-99E47BD770A1} = {6FE5DDF9-EF5A-4175-821F-469F3527DE68}
		{7C689807-548D-42E8-A071-52E3C733EB78} = {C5C8EFF5-C1B5-4F56-8632-73FAAE1AEC42}
	EndGlobalSection
EndGlobal
