
Microsoft Visual Studio Solution File, Format Version 12.00
# Visual Studio Version 17
VisualStudioVersion = 17.12.35527.113
MinimumVisualStudioVersion = 10.0.40219.1
Project("{2150E333-8FDC-42A3-9474-1A3956D46DE8}") = "Services", "Services", "{2DF9B592-80FB-4058-B4F5-F8D31B44A958}"
EndProject
Project("{2150E333-8FDC-42A3-9474-1A3956D46DE8}") = "Catalog", "Catalog", "{6FE5DDF9-EF5A-4175-821F-469F3527DE68}"
EndProject
Project("{FAE04EC0-301F-11D3-BF4B-00C04F79EFBC}") = "Catalog.API", "Services\Catalog\Catalog.API\Catalog.API.csproj", "{96B963DE-CB9A-499E-80AD-99E47BD770A1}"
EndProject
Project("{2150E333-8FDC-42A3-9474-1A3956D46DE8}") = "BuildingBlocks", "BuildingBlocks", "{C5C8EFF5-C1B5-4F56-8632-73FAAE1AEC42}"
EndProject
Project("{FAE04EC0-301F-11D3-BF4B-00C04F79EFBC}") = "BuildingBlocks", "BuildingBlocks\BuildingBlocks\BuildingBlocks.csproj", "{7C689807-548D-42E8-A071-52E3C733EB78}"
EndProject
Project("{E53339B2-1760-4266-BCC7-CA923CBCF16C}") = "docker-compose", "docker-compose.dcproj", "{AAEB40D5-C20A-44CC-839A-1C6B94EFBCE3}"
EndProject
Project("{2150E333-8FDC-42A3-9474-1A3956D46DE8}") = "Basket", "Basket", "{B3083F83-D2CC-4000-A901-FCA9605079A7}"
EndProject
Project("{FAE04EC0-301F-11D3-BF4B-00C04F79EFBC}") = "Basket.API", "Services\Basket\Basket.API\Basket.API.csproj", "{571C4F1F-457D-423E-9440-C22C8128404A}"
EndProject
Project("{2150E333-8FDC-42A3-9474-1A3956D46DE8}") = "Discount", "Discount", "{02EA681E-C7D8-13C7-8484-4AC65E1B71E8}"
EndProject
Project("{FAE04EC0-301F-11D3-BF4B-00C04F79EFBC}") = "Discount.Grpc", "Services\Discount\Discount.Grpc\Discount.Grpc.csproj", "{DC1ACA99-A27A-4BFE-B284-4F4B192BAF9B}"
EndProject
Project("{2150E333-8FDC-42A3-9474-1A3956D46DE8}") = "Ordering", "Ordering", "{AE8FA595-2E63-4B4C-932B-8D611EDC79E3}"
EndProject
Project("{FAE04EC0-301F-11D3-BF4B-00C04F79EFBC}") = "Ordering.API", "Services\Ordering\Ordering.API\Ordering.API.csproj", "{95D2C799-BC4C-4B7C-9FED-ABA905B7400B}"
EndProject
Project("{FAE04EC0-301F-11D3-BF4B-00C04F79EFBC}") = "Ordering.Domain", "Services\Ordering\Ordering.Domain\Ordering.Domain.csproj", "{58E5F62D-2099-43CF-AAA8-8989F97A1A62}"
EndProject
Project("{FAE04EC0-301F-11D3-BF4B-00C04F79EFBC}") = "Ordering.Application", "Services\Ordering\Ordering.Application\Ordering.Application.csproj", "{998D20E6-4A33-45DE-BF56-96EBE9E82266}"
EndProject
Project("{FAE04EC0-301F-11D3-BF4B-00C04F79EFBC}") = "Ordering.Infrastructure", "Services\Ordering\Ordering.Infrastructure\Ordering.Infrastructure.csproj", "{60701656-BA3B-4D15-B6DB-898A0CBE799E}"
EndProject
Global
	GlobalSection(SolutionConfigurationPlatforms) = preSolution
		Debug|Any CPU = Debug|Any CPU
		Release|Any CPU = Release|Any CPU
	EndGlobalSection
	GlobalSection(ProjectConfigurationPlatforms) = postSolution
		{96B963DE-CB9A-499E-80AD-99E47BD770A1}.Debug|Any CPU.ActiveCfg = Debug|Any CPU
		{96B963DE-CB9A-499E-80AD-99E47BD770A1}.Debug|Any CPU.Build.0 = Debug|Any CPU
		{96B963DE-CB9A-499E-80AD-99E47BD770A1}.Release|Any CPU.ActiveCfg = Release|Any CPU
		{96B963DE-CB9A-499E-80AD-99E47BD770A1}.Release|Any CPU.Build.0 = Release|Any CPU
		{7C689807-548D-42E8-A071-52E3C733EB78}.Debug|Any CPU.ActiveCfg = Debug|Any CPU
		{7C689807-548D-42E8-A071-52E3C733EB78}.Debug|Any CPU.Build.0 = Debug|Any CPU
		{7C689807-548D-42E8-A071-52E3C733EB78}.Release|Any CPU.ActiveCfg = Release|Any CPU
		{7C689807-548D-42E8-A071-52E3C733EB78}.Release|Any CPU.Build.0 = Release|Any CPU
		{AAEB40D5-C20A-44CC-839A-1C6B94EFBCE3}.Debug|Any CPU.ActiveCfg = Debug|Any CPU
		{AAEB40D5-C20A-44CC-839A-1C6B94EFBCE3}.Debug|Any CPU.Build.0 = Debug|Any CPU
		{AAEB40D5-C20A-44CC-839A-1C6B94EFBCE3}.Release|Any CPU.ActiveCfg = Release|Any CPU
		{AAEB40D5-C20A-44CC-839A-1C6B94EFBCE3}.Release|Any CPU.Build.0 = Release|Any CPU
		{571C4F1F-457D-423E-9440-C22C8128404A}.Debug|Any CPU.ActiveCfg = Debug|Any CPU
		{571C4F1F-457D-423E-9440-C22C8128404A}.Debug|Any CPU.Build.0 = Debug|Any CPU
		{571C4F1F-457D-423E-9440-C22C8128404A}.Release|Any CPU.ActiveCfg = Release|Any CPU
		{571C4F1F-457D-423E-9440-C22C8128404A}.Release|Any CPU.Build.0 = Release|Any CPU
		{DC1ACA99-A27A-4BFE-B284-4F4B192BAF9B}.Debug|Any CPU.ActiveCfg = Debug|Any CPU
		{DC1ACA99-A27A-4BFE-B284-4F4B192BAF9B}.Debug|Any CPU.Build.0 = Debug|Any CPU
		{DC1ACA99-A27A-4BFE-B284-4F4B192BAF9B}.Release|Any CPU.ActiveCfg = Release|Any CPU
		{DC1ACA99-A27A-4BFE-B284-4F4B192BAF9B}.Release|Any CPU.Build.0 = Release|Any CPU
		{95D2C799-BC4C-4B7C-9FED-ABA905B7400B}.Debug|Any CPU.ActiveCfg = Debug|Any CPU
		{95D2C799-BC4C-4B7C-9FED-ABA905B7400B}.Debug|Any CPU.Build.0 = Debug|Any CPU
		{95D2C799-BC4C-4B7C-9FED-ABA905B7400B}.Release|Any CPU.ActiveCfg = Release|Any CPU
		{95D2C799-BC4C-4B7C-9FED-ABA905B7400B}.Release|Any CPU.Build.0 = Release|Any CPU
		{58E5F62D-2099-43CF-AAA8-8989F97A1A62}.Debug|Any CPU.ActiveCfg = Debug|Any CPU
		{58E5F62D-2099-43CF-AAA8-8989F97A1A62}.Debug|Any CPU.Build.0 = Debug|Any CPU
		{58E5F62D-2099-43CF-AAA8-8989F97A1A62}.Release|Any CPU.ActiveCfg = Release|Any CPU
		{58E5F62D-2099-43CF-AAA8-8989F97A1A62}.Release|Any CPU.Build.0 = Release|Any CPU
		{998D20E6-4A33-45DE-BF56-96EBE9E82266}.Debug|Any CPU.ActiveCfg = Debug|Any CPU
		{998D20E6-4A33-45DE-BF56-96EBE9E82266}.Debug|Any CPU.Build.0 = Debug|Any CPU
		{998D20E6-4A33-45DE-BF56-96EBE9E82266}.Release|Any CPU.ActiveCfg = Release|Any CPU
		{998D20E6-4A33-45DE-BF56-96EBE9E82266}.Release|Any CPU.Build.0 = Release|Any CPU
		{60701656-BA3B-4D15-B6DB-898A0CBE799E}.Debug|Any CPU.ActiveCfg = Debug|Any CPU
		{60701656-BA3B-4D15-B6DB-898A0CBE799E}.Debug|Any CPU.Build.0 = Debug|Any CPU
		{60701656-BA3B-4D15-B6DB-898A0CBE799E}.Release|Any CPU.ActiveCfg = Release|Any CPU
		{60701656-BA3B-4D15-B6DB-898A0CBE799E}.Release|Any CPU.Build.0 = Release|Any CPU
	EndGlobalSection
	GlobalSection(SolutionProperties) = preSolution
		HideSolutionNode = FALSE
	EndGlobalSection
	GlobalSection(NestedProjects) = preSolution
		{6FE5DDF9-EF5A-4175-821F-469F3527DE68} = {2DF9B592-80FB-4058-B4F5-F8D31B44A958}
		{96B963DE-CB9A-499E-80AD-99E47BD770A1} = {6FE5DDF9-EF5A-4175-821F-469F3527DE68}
		{7C689807-548D-42E8-A071-52E3C733EB78} = {C5C8EFF5-C1B5-4F56-8632-73FAAE1AEC42}
		{B3083F83-D2CC-4000-A901-FCA9605079A7} = {2DF9B592-80FB-4058-B4F5-F8D31B44A958}
		{571C4F1F-457D-423E-9440-C22C8128404A} = {B3083F83-D2CC-4000-A901-FCA9605079A7}
		{02EA681E-C7D8-13C7-8484-4AC65E1B71E8} = {2DF9B592-80FB-4058-B4F5-F8D31B44A958}
		{DC1ACA99-A27A-4BFE-B284-4F4B192BAF9B} = {02EA681E-C7D8-13C7-8484-4AC65E1B71E8}
		{AE8FA595-2E63-4B4C-932B-8D611EDC79E3} = {2DF9B592-80FB-4058-B4F5-F8D31B44A958}
		{95D2C799-BC4C-4B7C-9FED-ABA905B7400B} = {AE8FA595-2E63-4B4C-932B-8D611EDC79E3}
		{58E5F62D-2099-43CF-AAA8-8989F97A1A62} = {AE8FA595-2E63-4B4C-932B-8D611EDC79E3}
		{998D20E6-4A33-45DE-BF56-96EBE9E82266} = {AE8FA595-2E63-4B4C-932B-8D611EDC79E3}
		{60701656-BA3B-4D15-B6DB-898A0CBE799E} = {AE8FA595-2E63-4B4C-932B-8D611EDC79E3}
	EndGlobalSection
	GlobalSection(ExtensibilityGlobals) = postSolution
		SolutionGuid = {AD26352D-2393-40B8-BB87-AD5C2B3C22E6}
	EndGlobalSection
EndGlobal
